{
  "nodes": {
    "dde-nixos": {
      "inputs": {
        "flake-utils": "flake-utils",
        "nixpkgs": [
          "nixpkgs"
        ]
      },
      "locked": {
        "lastModified": 1709021750,
        "narHash": "sha256-WpK0Qj2NMxsm6t1ZMM4VdHtF/DTHTOAjk7qJozm4PNQ=",
        "owner": "linuxdeepin",
        "repo": "dde-nixos",
        "rev": "40f10d06a2009049060ce78010c0c5c16b8a60bd",
        "type": "github"
      },
      "original": {
        "owner": "linuxdeepin",
        "repo": "dde-nixos",
        "type": "github"
      }
    },
    "flake-utils": {
      "inputs": {
        "systems": "systems"
      },
      "locked": {
        "lastModified": 1705309234,
        "narHash": "sha256-uNRRNRKmJyCRC/8y1RqBkqWBLM034y4qN7EprSdmgyA=",
        "owner": "numtide",
        "repo": "flake-utils",
        "rev": "1ef2e671c3b0c19053962c07dbda38332dcebf26",
        "type": "github"
      },
      "original": {
        "owner": "numtide",
        "repo": "flake-utils",
        "type": "github"
      }
    },
    "flake-utils_2": {
      "inputs": {
        "systems": "systems_2"
      },
      "locked": {
        "lastModified": 1710146030,
        "narHash": "sha256-SZ5L6eA7HJ/nmkzGG7/ISclqe6oZdOZTNoesiInkXPQ=",
        "owner": "numtide",
        "repo": "flake-utils",
        "rev": "b1d9ab70662946ef0850d488da1c9019f3a9752a",
        "type": "github"
      },
      "original": {
        "owner": "numtide",
        "repo": "flake-utils",
        "type": "github"
      }
    },
    "nix-filter": {
      "locked": {
        "lastModified": 1710156097,
        "narHash": "sha256-1Wvk8UP7PXdf8bCCaEoMnOT1qe5/Duqgj+rL8sRQsSM=",
        "owner": "numtide",
        "repo": "nix-filter",
        "rev": "3342559a24e85fc164b295c3444e8a139924675b",
        "type": "github"
      },
      "original": {
        "owner": "numtide",
        "repo": "nix-filter",
        "type": "github"
      }
    },
    "nixpkgs": {
      "locked": {
        "lastModified": 1714906307,
        "narHash": "sha256-UlRZtrCnhPFSJlDQE7M0eyhgvuuHBTe1eJ9N9AQlJQ0=",
        "owner": "NixOS",
        "repo": "nixpkgs",
        "rev": "25865a40d14b3f9cf19f19b924e2ab4069b09588",
        "type": "github"
      },
      "original": {
        "owner": "NixOS",
        "ref": "nixos-unstable",
        "repo": "nixpkgs",
        "type": "github"
      }
    },
    "qwlroots": {
      "inputs": {
        "flake-utils": [
          "waylib",
          "flake-utils"
        ],
        "nix-filter": [
          "waylib",
          "nix-filter"
        ],
        "nixpkgs": [
          "waylib",
          "nixpkgs"
        ]
      },
      "locked": {
        "lastModified": 1704874869,
        "narHash": "sha256-NAUmwMOzH2XGn2iFZVbj4o91nP3/Fp2f3BnUEzVetUs=",
        "owner": "vioken",
        "repo": "qwlroots",
        "rev": "dd9c126499ed474eb7a7534c945798c4b07ef4b7",
        "type": "github"
      },
      "original": {
        "owner": "vioken",
        "repo": "qwlroots",
        "type": "github"
      }
    },
    "root": {
      "inputs": {
        "dde-nixos": "dde-nixos",
        "flake-utils": "flake-utils_2",
        "nix-filter": "nix-filter",
        "nixpkgs": "nixpkgs",
        "waylib": "waylib"
      }
    },
    "systems": {
      "locked": {
        "lastModified": 1681028828,
        "narHash": "sha256-Vy1rq5AaRuLzOxct8nz4T6wlgyUR7zLU309k9mBC768=",
        "owner": "nix-systems",
        "repo": "default",
        "rev": "da67096a3b9bf56a91d16901293e51ba5b49a27e",
        "type": "github"
      },
      "original": {
        "owner": "nix-systems",
        "repo": "default",
        "type": "github"
      }
    },
    "systems_2": {
      "locked": {
        "lastModified": 1681028828,
        "narHash": "sha256-Vy1rq5AaRuLzOxct8nz4T6wlgyUR7zLU309k9mBC768=",
        "owner": "nix-systems",
        "repo": "default",
        "rev": "da67096a3b9bf56a91d16901293e51ba5b49a27e",
        "type": "github"
      },
      "original": {
        "owner": "nix-systems",
        "repo": "default",
        "type": "github"
      }
    },
    "waylib": {
      "inputs": {
        "flake-utils": [
          "flake-utils"
        ],
        "nix-filter": [
          "nix-filter"
        ],
        "nixpkgs": [
          "nixpkgs"
        ],
        "qwlroots": "qwlroots"
      },
      "locked": {
        "lastModified": 1715060968,
        "narHash": "sha256-k5OQsOs7/WB/G2hxi+9cm7FbSJ+w8m1bQZBGkLezD+c=",
        "owner": "vioken",
        "repo": "waylib",
        "rev": "b3fe4e2716d680ed8a394258d0ba850feb11ad07",
        "type": "github"
      },
      "original": {
        "owner": "vioken",
        "repo": "waylib",
        "type": "github"
      }
    }
  },
  "root": "root",
  "version": 7
}
