{
  "nodes": {
    "ddm": {
      "inputs": {
        "flake-utils": [
          "flake-utils"
        ],
        "nix-filter": [
          "nix-filter"
        ],
        "nixpkgs": [
          "nixpkgs"
        ]
      },
      "locked": {
        "lastModified": 1715914341,
        "narHash": "sha256-zZf7pdDtN78Iv/MS9DocFdoRI4mXbDpGdViG8fWOQEQ=",
        "owner": "lingmoos",
        "repo": "ddm",
        "rev": "3405f9abf5a7c1443547c74099a7e918fade2500",
        "type": "github"
      },
      "original": {
        "owner": "lingmoos",
        "repo": "ddm",
        "type": "github"
      }
    },
    "flake-utils": {
      "inputs": {
        "systems": "systems"
      },
      "locked": {
        "lastModified": 1710146030,
        "narHash": "sha256-SZ5L6eA7HJ/nmkzGG7/ISclqe6oZdOZTNoesiInkXPQ=",
        "owner": "numtide",
        "repo": "flake-utils",
        "rev": "b1d9ab70662946ef0850d488da1c9019f3a9752a",
        "type": "github"
      },
      "original": {
        "owner": "numtide",
        "repo": "flake-utils",
        "type": "github"
      }
    },
    "nix-filter": {
      "locked": {
        "lastModified": 1710156097,
        "narHash": "sha256-1Wvk8UP7PXdf8bCCaEoMnOT1qe5/Duqgj+rL8sRQsSM=",
        "owner": "numtide",
        "repo": "nix-filter",
        "rev": "3342559a24e85fc164b295c3444e8a139924675b",
        "type": "github"
      },
      "original": {
        "owner": "numtide",
        "repo": "nix-filter",
        "type": "github"
      }
    },
    "nixpkgs": {
      "locked": {
        "lastModified": 1719381159,
        "narHash": "sha256-Kp7O8zV0dFNinR9bAwRQ0XG0cmJ3L5/Md4E/uat5aXc=",
        "owner": "NixOS",
        "repo": "nixpkgs",
        "rev": "c4f0f788123973aedb7a88d78109909d9f223ca6",
        "type": "github"
      },
      "original": {
        "owner": "NixOS",
        "ref": "master",
        "repo": "nixpkgs",
        "type": "github"
      }
    },
    "qwlroots": {
      "inputs": {
        "flake-utils": [
          "waylib",
          "flake-utils"
        ],
        "nix-filter": [
          "waylib",
          "nix-filter"
        ],
        "nixpkgs": [
          "waylib",
          "nixpkgs"
        ],
        "wlroots-master": "wlroots-master"
      },
      "locked": {
        "lastModified": 1718885849,
        "narHash": "sha256-AdWxGIGpmhKdaPUoWdPozX8NBgMnOK7qoPm9HYDEXXU=",
        "owner": "vioken",
        "repo": "qwlroots",
        "rev": "09470bbb9720374bc182dd4bdb8ccb913fef9187",
        "type": "github"
      },
      "original": {
        "owner": "vioken",
        "repo": "qwlroots",
        "type": "github"
      }
    },
    "root": {
      "inputs": {
        "ddm": "ddm",
        "flake-utils": "flake-utils",
        "nix-filter": "nix-filter",
        "nixpkgs": "nixpkgs",
        "waylib": "waylib"
      }
    },
    "systems": {
      "locked": {
        "lastModified": 1681028828,
        "narHash": "sha256-Vy1rq5AaRuLzOxct8nz4T6wlgyUR7zLU309k9mBC768=",
        "owner": "nix-systems",
        "repo": "default",
        "rev": "da67096a3b9bf56a91d16901293e51ba5b49a27e",
        "type": "github"
      },
      "original": {
        "owner": "nix-systems",
        "repo": "default",
        "type": "github"
      }
    },
    "waylib": {
      "inputs": {
        "flake-utils": [
          "flake-utils"
        ],
        "nix-filter": [
          "nix-filter"
        ],
        "nixpkgs": [
          "nixpkgs"
        ],
        "qwlroots": "qwlroots"
      },
      "locked": {
        "lastModified": 1719287344,
        "narHash": "sha256-5GCjH8j7UhzZtCxzjSOq1WZqdnpG1Jf1fVcYD2LvEv8=",
        "owner": "vioken",
        "repo": "waylib",
        "rev": "e138aa2acb5bd69b32b871851f6df4e58301ae2f",
        "type": "github"
      },
      "original": {
        "owner": "vioken",
        "repo": "waylib",
        "type": "github"
      }
    },
    "wlroots-master": {
      "flake": false,
      "locked": {
        "host": "gitlab.freedesktop.org",
        "lastModified": 1716851300,
        "narHash": "sha256-cnuBNBbXygiCeRjf3YT0ENx2pGu0knc6SAvk19bLj6A=",
        "owner": "wlroots",
        "repo": "wlroots",
        "rev": "dc5996a8b45362a3add882f4510b535388b17e01",
        "type": "gitlab"
      },
      "original": {
        "host": "gitlab.freedesktop.org",
        "owner": "wlroots",
        "ref": "master",
        "repo": "wlroots",
        "type": "gitlab"
      }
    }
  },
  "root": "root",
  "version": 7
}
